
Microsoft Visual Studio Solution File, Format Version 12.00
# Visual Studio 15
VisualStudioVersion = 15.0.27004.2005
MinimumVisualStudioVersion = 10.0.40219.1
Project("{FAE04EC0-301F-11D3-BF4B-00C04F79EFBC}") = "SKLEP_NOWY", "SKLEP_NOWY\SKLEP_NOWY.csproj", "{810FC311-A225-4798-928B-40049A3480B6}"
EndProject
Global
	GlobalSection(SolutionConfigurationPlatforms) = preSolution
		Debug|Any CPU = Debug|Any CPU
		Release|Any CPU = Release|Any CPU
	EndGlobalSection
	GlobalSection(ProjectConfigurationPlatforms) = postSolution
		{810FC311-A225-4798-928B-40049A3480B6}.Debug|Any CPU.ActiveCfg = Debug|Any CPU
		{810FC311-A225-4798-928B-40049A3480B6}.Debug|Any CPU.Build.0 = Debug|Any CPU
		{810FC311-A225-4798-928B-40049A3480B6}.Release|Any CPU.ActiveCfg = Release|Any CPU
		{810FC311-A225-4798-928B-40049A3480B6}.Release|Any CPU.Build.0 = Release|Any CPU
	EndGlobalSection
	GlobalSection(SolutionProperties) = preSolution
		HideSolutionNode = FALSE
	EndGlobalSection
	GlobalSection(ExtensibilityGlobals) = postSolution
		SolutionGuid = {E8771B7E-BA51-4D97-ACDA-CA8416F6EC38}
	EndGlobalSection
EndGlobal
